
Microsoft Visual Studio Solution File, Format Version 12.00
# Visual Studio 15
VisualStudioVersion = 15.0.27130.2036
MinimumVisualStudioVersion = 10.0.40219.1
Project("{FAE04EC0-301F-11D3-BF4B-00C04F79EFBC}") = "KnowDetroit", "KnowDetroit\KnowDetroit.csproj", "{B47A8E23-81E9-4A77-9AF9-A118592E47D8}"
EndProject
Global
	GlobalSection(SolutionConfigurationPlatforms) = preSolution
		Debug|Any CPU = Debug|Any CPU
		Release|Any CPU = Release|Any CPU
	EndGlobalSection
	GlobalSection(ProjectConfigurationPlatforms) = postSolution
		{B47A8E23-81E9-4A77-9AF9-A118592E47D8}.Debug|Any CPU.ActiveCfg = Debug|Any CPU
		{B47A8E23-81E9-4A77-9AF9-A118592E47D8}.Debug|Any CPU.Build.0 = Debug|Any CPU
		{B47A8E23-81E9-4A77-9AF9-A118592E47D8}.Release|Any CPU.ActiveCfg = Release|Any CPU
		{B47A8E23-81E9-4A77-9AF9-A118592E47D8}.Release|Any CPU.Build.0 = Release|Any CPU
	EndGlobalSection
	GlobalSection(SolutionProperties) = preSolution
		HideSolutionNode = FALSE
	EndGlobalSection
	GlobalSection(ExtensibilityGlobals) = postSolution
		SolutionGuid = {E50AB1DC-FE01-41E0-8EDD-9B3ED7D1CF34}
	EndGlobalSection
EndGlobal
